
Microsoft Visual Studio Solution File, Format Version 12.00
# Visual Studio 14
VisualStudioVersion = 14.0.23107.0
MinimumVisualStudioVersion = 10.0.40219.1
Project("{FAE04EC0-301F-11D3-BF4B-00C04F79EFBC}") = "JetLag", "JetLag\JetLag.csproj", "{F3DE51F5-9474-48B9-8473-2FC39AC7579C}"
EndProject
Project("{2150E333-8FDC-42A3-9474-1A3956D46DE8}") = "Solution Items", "Solution Items", "{FE748791-704E-485A-982D-2FBB49486CEC}"
EndProject
Global
	GlobalSection(SolutionConfigurationPlatforms) = preSolution
		Debug|Any CPU = Debug|Any CPU
		Release|Any CPU = Release|Any CPU
	EndGlobalSection
	GlobalSection(ProjectConfigurationPlatforms) = postSolution
		{F3DE51F5-9474-48B9-8473-2FC39AC7579C}.Debug|Any CPU.ActiveCfg = Debug|Any CPU
		{F3DE51F5-9474-48B9-8473-2FC39AC7579C}.Debug|Any CPU.Build.0 = Debug|Any CPU
		{F3DE51F5-9474-48B9-8473-2FC39AC7579C}.Release|Any CPU.ActiveCfg = Release|Any CPU
		{F3DE51F5-9474-48B9-8473-2FC39AC7579C}.Release|Any CPU.Build.0 = Release|Any CPU
	EndGlobalSection
	GlobalSection(SolutionProperties) = preSolution
		HideSolutionNode = FALSE
	EndGlobalSection
EndGlobal
